
Microsoft Visual Studio Solution File, Format Version 12.00
# Visual Studio Version 16
VisualStudioVersion = 16.0.30717.126
MinimumVisualStudioVersion = 10.0.40219.1
Project("{FAE04EC0-301F-11D3-BF4B-00C04F79EFBC}") = "IL App Trace", "IL App Trace\IL App Trace.csproj", "{BE7C4DF6-2D9E-4018-9321-38DEA449364E}"
EndProject
Project("{FAE04EC0-301F-11D3-BF4B-00C04F79EFBC}") = "TestApp", "TestApp\TestApp.csproj", "{47CEF401-F9BA-4002-B4EB-CBE220ED27FB}"
EndProject
Global
	GlobalSection(SolutionConfigurationPlatforms) = preSolution
		Debug|Any CPU = Debug|Any CPU
		Release|Any CPU = Release|Any CPU
	EndGlobalSection
	GlobalSection(ProjectConfigurationPlatforms) = postSolution
		{BE7C4DF6-2D9E-4018-9321-38DEA449364E}.Debug|Any CPU.ActiveCfg = Debug|Any CPU
		{BE7C4DF6-2D9E-4018-9321-38DEA449364E}.Debug|Any CPU.Build.0 = Debug|Any CPU
		{BE7C4DF6-2D9E-4018-9321-38DEA449364E}.Release|Any CPU.ActiveCfg = Release|Any CPU
		{BE7C4DF6-2D9E-4018-9321-38DEA449364E}.Release|Any CPU.Build.0 = Release|Any CPU
		{47CEF401-F9BA-4002-B4EB-CBE220ED27FB}.Debug|Any CPU.ActiveCfg = Debug|Any CPU
		{47CEF401-F9BA-4002-B4EB-CBE220ED27FB}.Debug|Any CPU.Build.0 = Debug|Any CPU
		{47CEF401-F9BA-4002-B4EB-CBE220ED27FB}.Release|Any CPU.ActiveCfg = Release|Any CPU
		{47CEF401-F9BA-4002-B4EB-CBE220ED27FB}.Release|Any CPU.Build.0 = Release|Any CPU
	EndGlobalSection
	GlobalSection(SolutionProperties) = preSolution
		HideSolutionNode = FALSE
	EndGlobalSection
	GlobalSection(ExtensibilityGlobals) = postSolution
		SolutionGuid = {2A6107FE-D6BF-4CA5-9106-78923B52654E}
	EndGlobalSection
EndGlobal
